
Microsoft Visual Studio Solution File, Format Version 12.00
# Visual Studio Version 17
VisualStudioVersion = 17.14.36804.6 d17.14
MinimumVisualStudioVersion = 10.0.40219.1
Project("{FAE04EC0-301F-11D3-BF4B-00C04F79EFBC}") = "TscDemo.ImagePrintingApp", "TscDemo.ImagePrintingApp.csproj", "{8830E470-96D1-34C3-E91E-4000C5E7CEF2}"
EndProject
Global
	GlobalSection(SolutionConfigurationPlatforms) = preSolution
		Debug|Any CPU = Debug|Any CPU
		Release|Any CPU = Release|Any CPU
	EndGlobalSection
	GlobalSection(ProjectConfigurationPlatforms) = postSolution
		{8830E470-96D1-34C3-E91E-4000C5E7CEF2}.Debug|Any CPU.ActiveCfg = Debug|Any CPU
		{8830E470-96D1-34C3-E91E-4000C5E7CEF2}.Debug|Any CPU.Build.0 = Debug|Any CPU
		{8830E470-96D1-34C3-E91E-4000C5E7CEF2}.Release|Any CPU.ActiveCfg = Release|Any CPU
		{8830E470-96D1-34C3-E91E-4000C5E7CEF2}.Release|Any CPU.Build.0 = Release|Any CPU
	EndGlobalSection
	GlobalSection(SolutionProperties) = preSolution
		HideSolutionNode = FALSE
	EndGlobalSection
	GlobalSection(ExtensibilityGlobals) = postSolution
		SolutionGuid = {FF6C7DB8-8652-4AB3-9924-6C5BAD883C94}
	EndGlobalSection
EndGlobal
